# This file is automatically @generated by Cargo.
# It is not intended for manual editing.
[[package]]
name = "fula"
version = "0.1.0"
dependencies = [
 "fula-compiler 0.1.0",
 "fula-syntax 0.1.0",
 "fula-vm 0.1.0",
]

[[package]]
name = "fula-compiler"
version = "0.1.0"
dependencies = [
 "fula-syntax 0.1.0",
]

[[package]]
name = "fula-syntax"
version = "0.1.0"

[[package]]
name = "fula-vm"
version = "0.1.0"
